{
  "name": "substreams",
  "version": "1.0.0",
  "lockfileVersion": 2,
  "requires": true,
  "packages": {
    "": {
      "name": "substreams",
      "version": "1.0.0",
      "license": "ISC",
      "dependencies": {
        "@substreams/manifest": "^0.11.0",
        "@substreams/node": "^0.5.2",
        "dotenv": "^16.3.1"
      }
    },
    "node_modules/@bufbuild/buf": {
      "version": "1.28.1",
      "resolved": "https://registry.npmjs.org/@bufbuild/buf/-/buf-1.28.1.tgz",
      "integrity": "sha512-WRDagrf0uBjfV9s5eyrSPJDcdI4A5Q7JMCA4aMrHRR8fo/TTjniDBjJprszhaguqsDkn/LS4QIu92HVFZCrl9A==",
      "hasInstallScript": true,
      "peer": true,
      "bin": {
        "buf": "bin/buf",
        "protoc-gen-buf-breaking": "bin/protoc-gen-buf-breaking",
        "protoc-gen-buf-lint": "bin/protoc-gen-buf-lint"
      },
      "engines": {
        "node": ">=12"
      },
      "optionalDependencies": {
        "@bufbuild/buf-darwin-arm64": "1.28.1",
        "@bufbuild/buf-darwin-x64": "1.28.1",
        "@bufbuild/buf-linux-aarch64": "1.28.1",
        "@bufbuild/buf-linux-x64": "1.28.1",
        "@bufbuild/buf-win32-arm64": "1.28.1",
        "@bufbuild/buf-win32-x64": "1.28.1"
      }
    },
    "node_modules/@bufbuild/buf-darwin-arm64": {
      "version": "1.28.1",
      "resolved": "https://registry.npmjs.org/@bufbuild/buf-darwin-arm64/-/buf-darwin-arm64-1.28.1.tgz",
      "integrity": "sha512-nAyvwKkcd8qQTExCZo5MtSRhXLK7e3vzKFKHjXfkveRakSUST2HFlFZAHfErZimN4wBrPTN0V0hNRU8PPjkMpQ==",
      "cpu": [
        "arm64"
      ],
      "optional": true,
      "os": [
        "darwin"
      ],
      "peer": true,
      "engines": {
        "node": ">=12"
      }
    },
    "node_modules/@bufbuild/buf-darwin-x64": {
      "version": "1.28.1",
      "resolved": "https://registry.npmjs.org/@bufbuild/buf-darwin-x64/-/buf-darwin-x64-1.28.1.tgz",
      "integrity": "sha512-b0eT3xd3vX5a5lWAbo5h7FPuf9MsOJI4I39qs4TZnrlZ8BOuPfqzwzijiFf9UCwaX2vR1NQXexIoQ80Ci+fCHw==",
      "cpu": [
        "x64"
      ],
      "optional": true,
      "os": [
        "darwin"
      ],
      "peer": true,
      "engines": {
        "node": ">=12"
      }
    },
    "node_modules/@bufbuild/buf-linux-aarch64": {
      "version": "1.28.1",
      "resolved": "https://registry.npmjs.org/@bufbuild/buf-linux-aarch64/-/buf-linux-aarch64-1.28.1.tgz",
      "integrity": "sha512-p5h9bZCVLMh8No9/7k7ulXzsFx5P7Lu6DiUMjSJ6aBXPMYo6Xl7r/6L2cQkpsZ53HMtIxCgMYS9a7zoS4K8wIw==",
      "cpu": [
        "arm64"
      ],
      "optional": true,
      "os": [
        "linux"
      ],
      "peer": true,
      "engines": {
        "node": ">=12"
      }
    },
    "node_modules/@bufbuild/buf-linux-x64": {
      "version": "1.28.1",
      "resolved": "https://registry.npmjs.org/@bufbuild/buf-linux-x64/-/buf-linux-x64-1.28.1.tgz",
      "integrity": "sha512-fVJ3DiRigIso06jgEl+JNp59Y5t2pxDHd10d3SA4r+14sXbZ2J7Gy/wBqVXPry4x/jW567KKlvmhg7M5ZBgCQQ==",
      "cpu": [
        "x64"
      ],
      "optional": true,
      "os": [
        "linux"
      ],
      "peer": true,
      "engines": {
        "node": ">=12"
      }
    },
    "node_modules/@bufbuild/buf-win32-arm64": {
      "version": "1.28.1",
      "resolved": "https://registry.npmjs.org/@bufbuild/buf-win32-arm64/-/buf-win32-arm64-1.28.1.tgz",
      "integrity": "sha512-KJiRJpugQRK/jXC46Xjlb68UydWhCZj2jHdWLIwNtgXd1WTJ3LngChZV7Y6pPK08pwBAVz0JYeVbD5IlTCD4TQ==",
      "cpu": [
        "arm64"
      ],
      "optional": true,
      "os": [
        "win32"
      ],
      "peer": true,
      "engines": {
        "node": ">=12"
      }
    },
    "node_modules/@bufbuild/buf-win32-x64": {
      "version": "1.28.1",
      "resolved": "https://registry.npmjs.org/@bufbuild/buf-win32-x64/-/buf-win32-x64-1.28.1.tgz",
      "integrity": "sha512-vMnc+7OVCkmlRWQsgYHgUqiBPRIjD8XeoRyApJ07YZzGs7DkRH4LhvmacJbLd3wORylbn6gLz3pQa8J/M61mzg==",
      "cpu": [
        "x64"
      ],
      "optional": true,
      "os": [
        "win32"
      ],
      "peer": true,
      "engines": {
        "node": ">=12"
      }
    },
    "node_modules/@bufbuild/protobuf": {
      "version": "1.6.0",
      "resolved": "https://registry.npmjs.org/@bufbuild/protobuf/-/protobuf-1.6.0.tgz",
      "integrity": "sha512-hp19vSFgNw3wBBcVBx5qo5pufCqjaJ0Cfk5H/pfjNOfNWU+4/w0QVOmfAOZNRrNWRrVuaJWxcN8P2vhOkkzbBQ=="
    },
    "node_modules/@connectrpc/connect": {
      "version": "1.3.0",
      "resolved": "https://registry.npmjs.org/@connectrpc/connect/-/connect-1.3.0.tgz",
      "integrity": "sha512-kTeWxJnLLtxKc2ZSDN0rIBgwfP8RwcLknthX4AKlIAmN9ZC4gGnCbwp+3BKcP/WH5c8zGBAWqSY3zeqCM+ah7w==",
      "peerDependencies": {
        "@bufbuild/protobuf": "^1.4.2"
      }
    },
    "node_modules/@connectrpc/connect-node": {
      "version": "1.3.0",
      "resolved": "https://registry.npmjs.org/@connectrpc/connect-node/-/connect-node-1.3.0.tgz",
      "integrity": "sha512-2fV/z/8MUFOkTn2Gbm7T/qvRfkpt/D/w7ykYqACZRH6VNG/faY4lH2wUZiNkwv9tzTrECKOJFyPsaGs3nRYK3w==",
      "dependencies": {
        "undici": "^5.28.2"
      },
      "engines": {
        "node": ">=16.0.0"
      },
      "peerDependencies": {
        "@bufbuild/protobuf": "^1.4.2",
        "@connectrpc/connect": "1.3.0"
      }
    },
    "node_modules/@connectrpc/connect-web": {
      "version": "1.3.0",
      "resolved": "https://registry.npmjs.org/@connectrpc/connect-web/-/connect-web-1.3.0.tgz",
      "integrity": "sha512-8HSY8x6douX1LcSFsGEUdjs9jwBe9X+LxkCI8hCtH7vKUCZieQqkRWstoApeIJchHYTaQYqwy2ImKnvwyWwruA==",
      "peerDependencies": {
        "@bufbuild/protobuf": "^1.4.2",
        "@connectrpc/connect": "1.3.0"
      }
    },
    "node_modules/@effect/schema": {
      "version": "0.60.3",
      "resolved": "https://registry.npmjs.org/@effect/schema/-/schema-0.60.3.tgz",
      "integrity": "sha512-B+07uFUNCnKQFwoKsphfvB+O2WNXlIhos+EPg9Oodx0lbha9zlm1f1CTT59kZp4y0+LghX/Ex7x+Bosg5p/nYw==",
      "peer": true,
      "peerDependencies": {
        "effect": "^2.1.0",
        "fast-check": "^3.13.2"
      }
    },
    "node_modules/@fastify/busboy": {
      "version": "2.1.0",
      "resolved": "https://registry.npmjs.org/@fastify/busboy/-/busboy-2.1.0.tgz",
      "integrity": "sha512-+KpH+QxZU7O4675t3mnkQKcZZg56u+K/Ct2K+N2AZYNVK8kyeo/bI18tI8aPm3tvNNRyTWfj6s5tnGNlcbQRsA==",
      "engines": {
        "node": ">=14"
      }
    },
    "node_modules/@substreams/core": {
      "version": "0.12.0",
      "resolved": "https://registry.npmjs.org/@substreams/core/-/core-0.12.0.tgz",
      "integrity": "sha512-QgwcorVlBYjJ0znSiMBXFj3BRWIeq+ZDVJkGRrYttQ4c15Bqcmk4ALKW5e6C8flx+EVug297o7fVBbMaOyVclA==",
      "peerDependencies": {
        "@bufbuild/protobuf": "^1.6.0",
        "@connectrpc/connect": "^1.3.0"
      }
    },
    "node_modules/@substreams/manifest": {
      "version": "0.11.0",
      "resolved": "https://registry.npmjs.org/@substreams/manifest/-/manifest-0.11.0.tgz",
      "integrity": "sha512-AOuwGG/zKocjK+n3kD05BWEpt4iH/5R7eWp5BCSWx4vV494Vqd+QcbIwGuQIG32rVHmqo9FtV7jRFsTcmqL0rQ==",
      "dependencies": {
        "@substreams/core": "0.12.0"
      },
      "peerDependencies": {
        "@bufbuild/buf": "^1.28.1",
        "@bufbuild/protobuf": "^1.6.0",
        "@effect/schema": "^0.60.2",
        "effect": "^2.1.0",
        "yaml": "^2.3.4"
      }
    },
    "node_modules/@substreams/node": {
      "version": "0.5.2",
      "resolved": "https://registry.npmjs.org/@substreams/node/-/node-0.5.2.tgz",
      "integrity": "sha512-Jb2AkxRLoBTQsnmHOf0aX19e8rQybEaf0QowJ4Jw8cD5aIOQUUbZVy+ZC+UC6ITrC9YljnALIMlNAPB80NgfIw==",
      "dependencies": {
        "@bufbuild/protobuf": "latest",
        "@connectrpc/connect": "latest",
        "@connectrpc/connect-node": "latest",
        "@connectrpc/connect-web": "latest",
        "@substreams/core": "latest",
        "eventemitter3": "latest"
      },
      "engines": {
        "node": ">=18"
      }
    },
    "node_modules/dotenv": {
      "version": "16.3.1",
      "resolved": "https://registry.npmjs.org/dotenv/-/dotenv-16.3.1.tgz",
      "integrity": "sha512-IPzF4w4/Rd94bA9imS68tZBaYyBWSCE47V1RGuMrB94iyTOIEwRmVL2x/4An+6mETpLrKJ5hQkB8W4kFAadeIQ==",
      "engines": {
        "node": ">=12"
      },
      "funding": {
        "url": "https://github.com/motdotla/dotenv?sponsor=1"
      }
    },
    "node_modules/effect": {
      "version": "2.1.0",
      "resolved": "https://registry.npmjs.org/effect/-/effect-2.1.0.tgz",
      "integrity": "sha512-fZfyDtlw5RSUA5oQTBu+LOjXwcQb2lGfW7XKKCd34aELjoUKeIxm8HVo6bkpPLlPARqyyT5DfrlIhjrg2RiZCQ==",
      "peer": true
    },
    "node_modules/eventemitter3": {
      "version": "5.0.1",
      "resolved": "https://registry.npmjs.org/eventemitter3/-/eventemitter3-5.0.1.tgz",
      "integrity": "sha512-GWkBvjiSZK87ELrYOSESUYeVIc9mvLLf/nXalMOS5dYrgZq9o5OVkbZAVM06CVxYsCwH9BDZFPlQTlPA1j4ahA=="
    },
    "node_modules/fast-check": {
      "version": "3.15.0",
      "resolved": "https://registry.npmjs.org/fast-check/-/fast-check-3.15.0.tgz",
      "integrity": "sha512-iBz6c+EXL6+nI931x/sbZs1JYTZtLG6Cko0ouS8LRTikhDR7+wZk4TYzdRavlnByBs2G6+nuuJ7NYL9QplNt8Q==",
      "funding": [
        {
          "type": "individual",
          "url": "https://github.com/sponsors/dubzzz"
        },
        {
          "type": "opencollective",
          "url": "https://opencollective.com/fast-check"
        }
      ],
      "peer": true,
      "dependencies": {
        "pure-rand": "^6.0.0"
      },
      "engines": {
        "node": ">=8.0.0"
      }
    },
    "node_modules/pure-rand": {
      "version": "6.0.4",
      "resolved": "https://registry.npmjs.org/pure-rand/-/pure-rand-6.0.4.tgz",
      "integrity": "sha512-LA0Y9kxMYv47GIPJy6MI84fqTd2HmYZI83W/kM/SkKfDlajnZYfmXFTxkbY+xSBPkLJxltMa9hIkmdc29eguMA==",
      "funding": [
        {
          "type": "individual",
          "url": "https://github.com/sponsors/dubzzz"
        },
        {
          "type": "opencollective",
          "url": "https://opencollective.com/fast-check"
        }
      ],
      "peer": true
    },
    "node_modules/undici": {
      "version": "5.28.2",
      "resolved": "https://registry.npmjs.org/undici/-/undici-5.28.2.tgz",
      "integrity": "sha512-wh1pHJHnUeQV5Xa8/kyQhO7WFa8M34l026L5P/+2TYiakvGy5Rdc8jWZVyG7ieht/0WgJLEd3kcU5gKx+6GC8w==",
      "dependencies": {
        "@fastify/busboy": "^2.0.0"
      },
      "engines": {
        "node": ">=14.0"
      }
    },
    "node_modules/yaml": {
      "version": "2.3.4",
      "resolved": "https://registry.npmjs.org/yaml/-/yaml-2.3.4.tgz",
      "integrity": "sha512-8aAvwVUSHpfEqTQ4w/KMlf3HcRdt50E5ODIQJBw1fQ5RL34xabzxtUlzTXVqc4rkZsPbvrXKWnABCD7kWSmocA==",
      "peer": true,
      "engines": {
        "node": ">= 14"
      }
    }
  },
  "dependencies": {
    "@bufbuild/buf": {
      "version": "1.28.1",
      "resolved": "https://registry.npmjs.org/@bufbuild/buf/-/buf-1.28.1.tgz",
      "integrity": "sha512-WRDagrf0uBjfV9s5eyrSPJDcdI4A5Q7JMCA4aMrHRR8fo/TTjniDBjJprszhaguqsDkn/LS4QIu92HVFZCrl9A==",
      "peer": true,
      "requires": {
        "@bufbuild/buf-darwin-arm64": "1.28.1",
        "@bufbuild/buf-darwin-x64": "1.28.1",
        "@bufbuild/buf-linux-aarch64": "1.28.1",
        "@bufbuild/buf-linux-x64": "1.28.1",
        "@bufbuild/buf-win32-arm64": "1.28.1",
        "@bufbuild/buf-win32-x64": "1.28.1"
      }
    },
    "@bufbuild/buf-darwin-arm64": {
      "version": "1.28.1",
      "resolved": "https://registry.npmjs.org/@bufbuild/buf-darwin-arm64/-/buf-darwin-arm64-1.28.1.tgz",
      "integrity": "sha512-nAyvwKkcd8qQTExCZo5MtSRhXLK7e3vzKFKHjXfkveRakSUST2HFlFZAHfErZimN4wBrPTN0V0hNRU8PPjkMpQ==",
      "optional": true,
      "peer": true
    },
    "@bufbuild/buf-darwin-x64": {
      "version": "1.28.1",
      "resolved": "https://registry.npmjs.org/@bufbuild/buf-darwin-x64/-/buf-darwin-x64-1.28.1.tgz",
      "integrity": "sha512-b0eT3xd3vX5a5lWAbo5h7FPuf9MsOJI4I39qs4TZnrlZ8BOuPfqzwzijiFf9UCwaX2vR1NQXexIoQ80Ci+fCHw==",
      "optional": true,
      "peer": true
    },
    "@bufbuild/buf-linux-aarch64": {
      "version": "1.28.1",
      "resolved": "https://registry.npmjs.org/@bufbuild/buf-linux-aarch64/-/buf-linux-aarch64-1.28.1.tgz",
      "integrity": "sha512-p5h9bZCVLMh8No9/7k7ulXzsFx5P7Lu6DiUMjSJ6aBXPMYo6Xl7r/6L2cQkpsZ53HMtIxCgMYS9a7zoS4K8wIw==",
      "optional": true,
      "peer": true
    },
    "@bufbuild/buf-linux-x64": {
      "version": "1.28.1",
      "resolved": "https://registry.npmjs.org/@bufbuild/buf-linux-x64/-/buf-linux-x64-1.28.1.tgz",
      "integrity": "sha512-fVJ3DiRigIso06jgEl+JNp59Y5t2pxDHd10d3SA4r+14sXbZ2J7Gy/wBqVXPry4x/jW567KKlvmhg7M5ZBgCQQ==",
      "optional": true,
      "peer": true
    },
    "@bufbuild/buf-win32-arm64": {
      "version": "1.28.1",
      "resolved": "https://registry.npmjs.org/@bufbuild/buf-win32-arm64/-/buf-win32-arm64-1.28.1.tgz",
      "integrity": "sha512-KJiRJpugQRK/jXC46Xjlb68UydWhCZj2jHdWLIwNtgXd1WTJ3LngChZV7Y6pPK08pwBAVz0JYeVbD5IlTCD4TQ==",
      "optional": true,
      "peer": true
    },
    "@bufbuild/buf-win32-x64": {
      "version": "1.28.1",
      "resolved": "https://registry.npmjs.org/@bufbuild/buf-win32-x64/-/buf-win32-x64-1.28.1.tgz",
      "integrity": "sha512-vMnc+7OVCkmlRWQsgYHgUqiBPRIjD8XeoRyApJ07YZzGs7DkRH4LhvmacJbLd3wORylbn6gLz3pQa8J/M61mzg==",
      "optional": true,
      "peer": true
    },
    "@bufbuild/protobuf": {
      "version": "1.6.0",
      "resolved": "https://registry.npmjs.org/@bufbuild/protobuf/-/protobuf-1.6.0.tgz",
      "integrity": "sha512-hp19vSFgNw3wBBcVBx5qo5pufCqjaJ0Cfk5H/pfjNOfNWU+4/w0QVOmfAOZNRrNWRrVuaJWxcN8P2vhOkkzbBQ=="
    },
    "@connectrpc/connect": {
      "version": "1.3.0",
      "resolved": "https://registry.npmjs.org/@connectrpc/connect/-/connect-1.3.0.tgz",
      "integrity": "sha512-kTeWxJnLLtxKc2ZSDN0rIBgwfP8RwcLknthX4AKlIAmN9ZC4gGnCbwp+3BKcP/WH5c8zGBAWqSY3zeqCM+ah7w==",
      "requires": {}
    },
    "@connectrpc/connect-node": {
      "version": "1.3.0",
      "resolved": "https://registry.npmjs.org/@connectrpc/connect-node/-/connect-node-1.3.0.tgz",
      "integrity": "sha512-2fV/z/8MUFOkTn2Gbm7T/qvRfkpt/D/w7ykYqACZRH6VNG/faY4lH2wUZiNkwv9tzTrECKOJFyPsaGs3nRYK3w==",
      "requires": {
        "undici": "^5.28.2"
      }
    },
    "@connectrpc/connect-web": {
      "version": "1.3.0",
      "resolved": "https://registry.npmjs.org/@connectrpc/connect-web/-/connect-web-1.3.0.tgz",
      "integrity": "sha512-8HSY8x6douX1LcSFsGEUdjs9jwBe9X+LxkCI8hCtH7vKUCZieQqkRWstoApeIJchHYTaQYqwy2ImKnvwyWwruA==",
      "requires": {}
    },
    "@effect/schema": {
      "version": "0.60.3",
      "resolved": "https://registry.npmjs.org/@effect/schema/-/schema-0.60.3.tgz",
      "integrity": "sha512-B+07uFUNCnKQFwoKsphfvB+O2WNXlIhos+EPg9Oodx0lbha9zlm1f1CTT59kZp4y0+LghX/Ex7x+Bosg5p/nYw==",
      "peer": true,
      "requires": {}
    },
    "@fastify/busboy": {
      "version": "2.1.0",
      "resolved": "https://registry.npmjs.org/@fastify/busboy/-/busboy-2.1.0.tgz",
      "integrity": "sha512-+KpH+QxZU7O4675t3mnkQKcZZg56u+K/Ct2K+N2AZYNVK8kyeo/bI18tI8aPm3tvNNRyTWfj6s5tnGNlcbQRsA=="
    },
    "@substreams/core": {
      "version": "0.12.0",
      "resolved": "https://registry.npmjs.org/@substreams/core/-/core-0.12.0.tgz",
      "integrity": "sha512-QgwcorVlBYjJ0znSiMBXFj3BRWIeq+ZDVJkGRrYttQ4c15Bqcmk4ALKW5e6C8flx+EVug297o7fVBbMaOyVclA==",
      "requires": {}
    },
    "@substreams/manifest": {
      "version": "0.11.0",
      "resolved": "https://registry.npmjs.org/@substreams/manifest/-/manifest-0.11.0.tgz",
      "integrity": "sha512-AOuwGG/zKocjK+n3kD05BWEpt4iH/5R7eWp5BCSWx4vV494Vqd+QcbIwGuQIG32rVHmqo9FtV7jRFsTcmqL0rQ==",
      "requires": {
        "@substreams/core": "0.12.0"
      }
    },
    "@substreams/node": {
      "version": "0.5.2",
      "resolved": "https://registry.npmjs.org/@substreams/node/-/node-0.5.2.tgz",
      "integrity": "sha512-Jb2AkxRLoBTQsnmHOf0aX19e8rQybEaf0QowJ4Jw8cD5aIOQUUbZVy+ZC+UC6ITrC9YljnALIMlNAPB80NgfIw==",
      "requires": {
        "@bufbuild/protobuf": "latest",
        "@connectrpc/connect": "latest",
        "@connectrpc/connect-node": "latest",
        "@connectrpc/connect-web": "latest",
        "@substreams/core": "latest",
        "eventemitter3": "latest"
      }
    },
    "dotenv": {
      "version": "16.3.1",
      "resolved": "https://registry.npmjs.org/dotenv/-/dotenv-16.3.1.tgz",
      "integrity": "sha512-IPzF4w4/Rd94bA9imS68tZBaYyBWSCE47V1RGuMrB94iyTOIEwRmVL2x/4An+6mETpLrKJ5hQkB8W4kFAadeIQ=="
    },
    "effect": {
      "version": "2.1.0",
      "resolved": "https://registry.npmjs.org/effect/-/effect-2.1.0.tgz",
      "integrity": "sha512-fZfyDtlw5RSUA5oQTBu+LOjXwcQb2lGfW7XKKCd34aELjoUKeIxm8HVo6bkpPLlPARqyyT5DfrlIhjrg2RiZCQ==",
      "peer": true
    },
    "eventemitter3": {
      "version": "5.0.1",
      "resolved": "https://registry.npmjs.org/eventemitter3/-/eventemitter3-5.0.1.tgz",
      "integrity": "sha512-GWkBvjiSZK87ELrYOSESUYeVIc9mvLLf/nXalMOS5dYrgZq9o5OVkbZAVM06CVxYsCwH9BDZFPlQTlPA1j4ahA=="
    },
    "fast-check": {
      "version": "3.15.0",
      "resolved": "https://registry.npmjs.org/fast-check/-/fast-check-3.15.0.tgz",
      "integrity": "sha512-iBz6c+EXL6+nI931x/sbZs1JYTZtLG6Cko0ouS8LRTikhDR7+wZk4TYzdRavlnByBs2G6+nuuJ7NYL9QplNt8Q==",
      "peer": true,
      "requires": {
        "pure-rand": "^6.0.0"
      }
    },
    "pure-rand": {
      "version": "6.0.4",
      "resolved": "https://registry.npmjs.org/pure-rand/-/pure-rand-6.0.4.tgz",
      "integrity": "sha512-LA0Y9kxMYv47GIPJy6MI84fqTd2HmYZI83W/kM/SkKfDlajnZYfmXFTxkbY+xSBPkLJxltMa9hIkmdc29eguMA==",
      "peer": true
    },
    "undici": {
      "version": "5.28.2",
      "resolved": "https://registry.npmjs.org/undici/-/undici-5.28.2.tgz",
      "integrity": "sha512-wh1pHJHnUeQV5Xa8/kyQhO7WFa8M34l026L5P/+2TYiakvGy5Rdc8jWZVyG7ieht/0WgJLEd3kcU5gKx+6GC8w==",
      "requires": {
        "@fastify/busboy": "^2.0.0"
      }
    },
    "yaml": {
      "version": "2.3.4",
      "resolved": "https://registry.npmjs.org/yaml/-/yaml-2.3.4.tgz",
      "integrity": "sha512-8aAvwVUSHpfEqTQ4w/KMlf3HcRdt50E5ODIQJBw1fQ5RL34xabzxtUlzTXVqc4rkZsPbvrXKWnABCD7kWSmocA==",
      "peer": true
    }
  }
}
